PODS:
  - boost-for-react-native (1.63.0)
  - DoubleConversion (1.1.6)
  - FBLazyVector (0.63.4)
  - FBReactNativeSpec (0.63.4):
    - Folly (= 2020.01.13.00)
    - RCTRequired (= 0.63.4)
    - RCTTypeSafety (= 0.63.4)
    - React-Core (= 0.63.4)
    - React-jsi (= 0.63.4)
    - ReactCommon/turbomodule/core (= 0.63.4)
  - Folly (2020.01.13.00):
    - boost-for-react-native
    - DoubleConversion
    - Folly/Default (= 2020.01.13.00)
    - glog
  - Folly/Default (2020.01.13.00):
    - boost-for-react-native
    - DoubleConversion
    - glog
  - glog (0.3.5)
  - libwebp (1.2.1):
    - libwebp/demux (= 1.2.1)
    - libwebp/mux (= 1.2.1)
    - libwebp/webp (= 1.2.1)
  - libwebp/demux (1.2.1):
    - libwebp/webp
  - libwebp/mux (1.2.1):
    - libwebp/demux
  - libwebp/webp (1.2.1)
  - RCTRequired (0.63.4)
  - RCTTypeSafety (0.63.4):
    - FBLazyVector (= 0.63.4)
    - Folly (= 2020.01.13.00)
    - RCTRequired (= 0.63.4)
    - React-Core (= 0.63.4)
  - React (0.63.4):
    - React-Core (= 0.63.4)
    - React-Core/DevSupport (= 0.63.4)
    - React-Core/RCTWebSocket (= 0.63.4)
    - React-RCTActionSheet (= 0.63.4)
    - React-RCTAnimation (= 0.63.4)
    - React-RCTBlob (= 0.63.4)
    - React-RCTImage (= 0.63.4)
    - React-RCTLinking (= 0.63.4)
    - React-RCTNetwork (= 0.63.4)
    - React-RCTSettings (= 0.63.4)
    - React-RCTText (= 0.63.4)
    - React-RCTVibration (= 0.63.4)
  - React-callinvoker (0.63.4)
  - React-Core (0.63.4):
    - Folly (= 2020.01.13.00)
    - glog
    - React-Core/Default (= 0.63.4)
    - React-cxxreact (= 0.63.4)
    - React-jsi (= 0.63.4)
    - React-jsiexecutor (= 0.63.4)
    - Yoga
  - React-Core/CoreModulesHeaders (0.63.4):
    - Folly (= 2020.01.13.00)
    - glog
    - React-Core/Default
    - React-cxxreact (= 0.63.4)
    - React-jsi (= 0.63.4)
    - React-jsiexecutor (= 0.63.4)
    - Yoga
  - React-Core/Default (0.63.4):
    - Folly (= 2020.01.13.00)
    - glog
    - React-cxxreact (= 0.63.4)
    - React-jsi (= 0.63.4)
    - React-jsiexecutor (= 0.63.4)
    - Yoga
  - React-Core/DevSupport (0.63.4):
    - Folly (= 2020.01.13.00)
    - glog
    - React-Core/Default (= 0.63.4)
    - React-Core/RCTWebSocket (= 0.63.4)
    - React-cxxreact (= 0.63.4)
    - React-jsi (= 0.63.4)
    - React-jsiexecutor (= 0.63.4)
    - React-jsinspector (= 0.63.4)
    - Yoga
  - React-Core/RCTActionSheetHeaders (0.63.4):
    - Folly (= 2020.01.13.00)
    - glog
    - React-Core/Default
    - React-cxxreact (= 0.63.4)
    - React-jsi (= 0.63.4)
    - React-jsiexecutor (= 0.63.4)
    - Yoga
  - React-Core/RCTAnimationHeaders (0.63.4):
    - Folly (= 2020.01.13.00)
    - glog
    - React-Core/Default
    - React-cxxreact (= 0.63.4)
    - React-jsi (= 0.63.4)
    - React-jsiexecutor (= 0.63.4)
    - Yoga
  - React-Core/RCTBlobHeaders (0.63.4):
    - Folly (= 2020.01.13.00)
    - glog
    - React-Core/Default
    - React-cxxreact (= 0.63.4)
    - React-jsi (= 0.63.4)
    - React-jsiexecutor (= 0.63.4)
    - Yoga
  - React-Core/RCTImageHeaders (0.63.4):
    - Folly (= 2020.01.13.00)
    - glog
    - React-Core/Default
    - React-cxxreact (= 0.63.4)
    - React-jsi (= 0.63.4)
    - React-jsiexecutor (= 0.63.4)
    - Yoga
  - React-Core/RCTLinkingHeaders (0.63.4):
    - Folly (= 2020.01.13.00)
    - glog
    - React-Core/Default
    - React-cxxreact (= 0.63.4)
    - React-jsi (= 0.63.4)
    - React-jsiexecutor (= 0.63.4)
    - Yoga
  - React-Core/RCTNetworkHeaders (0.63.4):
    - Folly (= 2020.01.13.00)
    - glog
    - React-Core/Default
    - React-cxxreact (= 0.63.4)
    - React-jsi (= 0.63.4)
    - React-jsiexecutor (= 0.63.4)
    - Yoga
  - React-Core/RCTSettingsHeaders (0.63.4):
    - Folly (= 2020.01.13.00)
    - glog
    - React-Core/Default
    - React-cxxreact (= 0.63.4)
    - React-jsi (= 0.63.4)
    - React-jsiexecutor (= 0.63.4)
    - Yoga
  - React-Core/RCTTextHeaders (0.63.4):
    - Folly (= 2020.01.13.00)
    - glog
    - React-Core/Default
    - React-cxxreact (= 0.63.4)
    - React-jsi (= 0.63.4)
    - React-jsiexecutor (= 0.63.4)
    - Yoga
  - React-Core/RCTVibrationHeaders (0.63.4):
    - Folly (= 2020.01.13.00)
    - glog
    - React-Core/Default
    - React-cxxreact (= 0.63.4)
    - React-jsi (= 0.63.4)
    - React-jsiexecutor (= 0.63.4)
    - Yoga
  - React-Core/RCTWebSocket (0.63.4):
    - Folly (= 2020.01.13.00)
    - glog
    - React-Core/Default (= 0.63.4)
    - React-cxxreact (= 0.63.4)
    - React-jsi (= 0.63.4)
    - React-jsiexecutor (= 0.63.4)
    - Yoga
  - React-CoreModules (0.63.4):
    - FBReactNativeSpec (= 0.63.4)
    - Folly (= 2020.01.13.00)
    - RCTTypeSafety (= 0.63.4)
    - React-Core/CoreModulesHeaders (= 0.63.4)
    - React-jsi (= 0.63.4)
    - React-RCTImage (= 0.63.4)
    - ReactCommon/turbomodule/core (= 0.63.4)
  - React-cxxreact (0.63.4):
    - boost-for-react-native (= 1.63.0)
    - DoubleConversion
    - Folly (= 2020.01.13.00)
    - glog
    - React-callinvoker (= 0.63.4)
    - React-jsinspector (= 0.63.4)
  - React-jsi (0.63.4):
    - boost-for-react-native (= 1.63.0)
    - DoubleConversion
    - Folly (= 2020.01.13.00)
    - glog
    - React-jsi/Default (= 0.63.4)
  - React-jsi/Default (0.63.4):
    - boost-for-react-native (= 1.63.0)
    - DoubleConversion
    - Folly (= 2020.01.13.00)
    - glog
  - React-jsiexecutor (0.63.4):
    - DoubleConversion
    - Folly (= 2020.01.13.00)
    - glog
    - React-cxxreact (= 0.63.4)
    - React-jsi (= 0.63.4)
  - React-jsinspector (0.63.4)
  - React-RCTActionSheet (0.63.4):
    - React-Core/RCTActionSheetHeaders (= 0.63.4)
  - React-RCTAnimation (0.63.4):
    - FBReactNativeSpec (= 0.63.4)
    - Folly (= 2020.01.13.00)
    - RCTTypeSafety (= 0.63.4)
    - React-Core/RCTAnimationHeaders (= 0.63.4)
    - React-jsi (= 0.63.4)
    - ReactCommon/turbomodule/core (= 0.63.4)
  - React-RCTBlob (0.63.4):
    - FBReactNativeSpec (= 0.63.4)
    - Folly (= 2020.01.13.00)
    - React-Core/RCTBlobHeaders (= 0.63.4)
    - React-Core/RCTWebSocket (= 0.63.4)
    - React-jsi (= 0.63.4)
    - React-RCTNetwork (= 0.63.4)
    - ReactCommon/turbomodule/core (= 0.63.4)
  - React-RCTImage (0.63.4):
    - FBReactNativeSpec (= 0.63.4)
    - Folly (= 2020.01.13.00)
    - RCTTypeSafety (= 0.63.4)
    - React-Core/RCTImageHeaders (= 0.63.4)
    - React-jsi (= 0.63.4)
    - React-RCTNetwork (= 0.63.4)
    - ReactCommon/turbomodule/core (= 0.63.4)
  - React-RCTLinking (0.63.4):
    - FBReactNativeSpec (= 0.63.4)
    - React-Core/RCTLinkingHeaders (= 0.63.4)
    - React-jsi (= 0.63.4)
    - ReactCommon/turbomodule/core (= 0.63.4)
  - React-RCTNetwork (0.63.4):
    - FBReactNativeSpec (= 0.63.4)
    - Folly (= 2020.01.13.00)
    - RCTTypeSafety (= 0.63.4)
    - React-Core/RCTNetworkHeaders (= 0.63.4)
    - React-jsi (= 0.63.4)
    - ReactCommon/turbomodule/core (= 0.63.4)
  - React-RCTSettings (0.63.4):
    - FBReactNativeSpec (= 0.63.4)
    - Folly (= 2020.01.13.00)
    - RCTTypeSafety (= 0.63.4)
    - React-Core/RCTSettingsHeaders (= 0.63.4)
    - React-jsi (= 0.63.4)
    - ReactCommon/turbomodule/core (= 0.63.4)
  - React-RCTText (0.63.4):
    - React-Core/RCTTextHeaders (= 0.63.4)
  - React-RCTVibration (0.63.4):
    - FBReactNativeSpec (= 0.63.4)
    - Folly (= 2020.01.13.00)
    - React-Core/RCTVibrationHeaders (= 0.63.4)
    - React-jsi (= 0.63.4)
    - ReactCommon/turbomodule/core (= 0.63.4)
  - ReactCommon (0.63.4):
    - ReactCommon/turbomodule (= 0.63.4)
  - ReactCommon/turbomodule (0.63.4):
    - DoubleConversion
    - Folly (= 2020.01.13.00)
    - glog
    - React-callinvoker (= 0.63.4)
    - React-Core (= 0.63.4)
    - React-cxxreact (= 0.63.4)
    - React-jsi (= 0.63.4)
    - ReactCommon/turbomodule/core (= 0.63.4)
    - ReactCommon/turbomodule/samples (= 0.63.4)
  - ReactCommon/turbomodule/core (0.63.4):
    - DoubleConversion
    - Folly (= 2020.01.13.00)
    - glog
    - React-callinvoker (= 0.63.4)
    - React-Core (= 0.63.4)
    - React-cxxreact (= 0.63.4)
    - React-jsi (= 0.63.4)
  - ReactCommon/turbomodule/samples (0.63.4):
    - DoubleConversion
    - Folly (= 2020.01.13.00)
    - glog
    - React-callinvoker (= 0.63.4)
    - React-Core (= 0.63.4)
    - React-cxxreact (= 0.63.4)
    - React-jsi (= 0.63.4)
    - ReactCommon/turbomodule/core (= 0.63.4)
  - RNFastImage (8.3.3):
    - React-Core
    - SDWebImage (~> 5.8)
    - SDWebImageWebPCoder (~> 0.6.1)
  - SDWebImage (5.12.0):
    - SDWebImage/Core (= 5.12.0)
  - SDWebImage/Core (5.12.0)
  - SDWebImageWebPCoder (0.6.1):
    - libwebp (~> 1.0)
    - SDWebImage/Core (~> 5.7)
  - Yoga (1.14.0)

DEPENDENCIES:
  - FBLazyVector
  - FBReactNativeSpec
  - RCTRequired
  - RCTTypeSafety
  - React (~> 0.63.4)
  - React-Core
  - React-CoreModules
  - ReactCommon
  - "RNFastImage (from `git@github.com:DylanVann/react-native-fast-image.git`, tag `v8.3.3`)"

SPEC REPOS:
  https://github.com/CocoaPods/Specs.git:
    - boost-for-react-native
    - libwebp
    - SDWebImage
    - SDWebImageWebPCoder
  https://github.com/ozcanzaferayan/react-native-private-repo:
    - DoubleConversion
    - FBLazyVector
    - FBReactNativeSpec
    - Folly
    - glog
    - RCTRequired
    - RCTTypeSafety
    - React
    - React-callinvoker
    - React-Core
    - React-CoreModules
    - React-cxxreact
    - React-jsi
    - React-jsiexecutor
    - React-jsinspector
    - React-RCTActionSheet
    - React-RCTAnimation
    - React-RCTBlob
    - React-RCTImage
    - React-RCTLinking
    - React-RCTNetwork
    - React-RCTSettings
    - React-RCTText
    - React-RCTVibration
    - ReactCommon
    - Yoga

EXTERNAL SOURCES:
  RNFastImage:
    :git: "git@github.com:DylanVann/react-native-fast-image.git"
    :tag: v8.3.3

CHECKOUT OPTIONS:
  RNFastImage:
    :git: "git@github.com:DylanVann/react-native-fast-image.git"
    :tag: v8.3.3

SPEC CHECKSUMS:
  boost-for-react-native: 39c7adb57c4e60d6c5479dd8623128eb5b3f0f2c
  DoubleConversion: 5c9ce68940263addb34b1297fea24d650a32b92f
  FBLazyVector: 614697e0681d74f6ecbeefaddda1b96c8e0e779d
  FBReactNativeSpec: 35dbdbc073f99ef9e0a76a8bae435d55de3fde27
  Folly: 3ccc6316e30060aef83791158e1112f5f58d6af7
  glog: 4ba5f5b95b18fbb84fa3222fe8f62d9825a3d15e
  libwebp: 98a37e597e40bfdb4c911fc98f2c53d0b12d05fc
  RCTRequired: 965eb8f1f2650a5c62783aad040940adf4578bf6
  RCTTypeSafety: 0889edf51602be37fb68bf66ae111d515804bcda
  React: 24c73bec3f5d42e023e45315d7e35a6410f23dfd
  React-callinvoker: 017685704c944fda77087a4120fb3832a23201ca
  React-Core: 15d7dc616885274ce4b52146ede4c80c257c792b
  React-CoreModules: caf631705a38f9349029b4f63b2f051f11039935
  React-cxxreact: 387b8263e81a49c85292628e9d509ea97f8a38da
  React-jsi: 826eac9eeaeb591fbd243d206e392ff6c9ec6d12
  React-jsiexecutor: aacf1a155faaf2df1c31029116bf51ccd7908be9
  React-jsinspector: ef2b6a4e7ab00fb1878524740e841c89a5c5caf5
  React-RCTActionSheet: 59a21bbe31683e0ba450a3e82209fcf95f15f163
  React-RCTAnimation: 9cc3deb221b2e89588ffc9088221d5459981c923
  React-RCTBlob: d70c98cabd4cd9148e8d1a1a88a11dd733a58634
  React-RCTImage: 1c223e566a7d0552102b9f2757eff18fc6f9523c
  React-RCTLinking: 99570eed822d79497c0e082f54e5de56dbe553c9
  React-RCTNetwork: e04425eccecbf23c39bf73e22769bd0a7d9213a8
  React-RCTSettings: 5d62b1210f5ff2397acb0630612b95a828d59ec1
  React-RCTText: 3b4720fd88095aedc6a23f2b2dcf57a022096f8b
  React-RCTVibration: f8a1b73f0c2346849ff8786e81774fd7692e04ee
  ReactCommon: bc2a97e39497d64382833d6a75ab68b7349b1149
  RNFastImage: ff7e055d085abe465b358ce5aa51e3c6d64b1efd
  SDWebImage: 4ea20cca2986adc5aacde07aa686742fd4c67a37
  SDWebImageWebPCoder: d0dac55073088d24b2ac1b191a71a8f8d0adac21
  Yoga: 267c4fc612b16d4f5efe03e18ee84639f827cda2

PODFILE CHECKSUM: 2ebcbd2d65e97955a9763e7c91af6b021e658321

COCOAPODS: 1.11.2
